{
  "object": {
    "pins": [
      {
        "package": "stream-reader",
        "repositoryURL": "https://github.com/Frizlab/stream-reader.git",
        "state": {
          "branch": null,
          "revision": "bae1bfb2fc2cdc6f89c3f6e89ef92d22039ef7b5",
          "version": "3.5.0"
        }
      },
      {
        "package": "swift-collections",
        "repositoryURL": "https://github.com/apple/swift-collections.git",
        "state": {
          "branch": null,
          "revision": "f504716c27d2e5d4144fa4794b12129301d17729",
          "version": "1.0.3"
        }
      }
    ]
  },
  "version": 1
}
